
Microsoft Visual Studio Solution File, Format Version 12.00
# Visual Studio Version 17
VisualStudioVersion = 17.0.31903.59
MinimumVisualStudioVersion = 10.0.40219.1
Project("{FAE04EC0-301F-11D3-BF4B-00C04F79EFBC}") = "RecipeBookMvc", "RecipeBookMvc\RecipeBookMvc.csproj", "{0BA210E9-1176-4EE1-81A9-B2C22810CBEE}"
EndProject
Global
	GlobalSection(SolutionConfigurationPlatforms) = preSolution
		Debug|Any CPU = Debug|Any CPU
		Release|Any CPU = Release|Any CPU
	EndGlobalSection
	GlobalSection(SolutionProperties) = preSolution
		HideSolutionNode = FALSE
	EndGlobalSection
	GlobalSection(ProjectConfigurationPlatforms) = postSolution
		{0BA210E9-1176-4EE1-81A9-B2C22810CBEE}.Debug|Any CPU.ActiveCfg = Debug|Any CPU
		{0BA210E9-1176-4EE1-81A9-B2C22810CBEE}.Debug|Any CPU.Build.0 = Debug|Any CPU
		{0BA210E9-1176-4EE1-81A9-B2C22810CBEE}.Release|Any CPU.ActiveCfg = Release|Any CPU
		{0BA210E9-1176-4EE1-81A9-B2C22810CBEE}.Release|Any CPU.Build.0 = Release|Any CPU
	EndGlobalSection
EndGlobal
